// !$*UTF8*$!
{
	archiveVersion = 1;
	classes = {
	};
	objectVersion = 56;
	objects = {

/* Begin PBXBuildFile section */
		2B6EA6F12AF1F05700AD5FB9 /* CustomTabBarMacApp.swift in Sources */ = {isa = PBXBuildFile; fileRef = 2B6EA6F02AF1F05700AD5FB9 /* CustomTabBarMacApp.swift */; };
		2B6EA6F32AF1F05700AD5FB9 /* ContentView.swift in Sources */ = {isa = PBXBuildFile; fileRef = 2B6EA6F22AF1F05700AD5FB9 /* ContentView.swift */; };
		2B6EA6F52AF1F05800AD5FB9 /* Assets.xcassets in Resources */ = {isa = PBXBuildFile; fileRef = 2B6EA6F42AF1F05800AD5FB9 /* Assets.xcassets */; };
		2B6EA6F82AF1F05800AD5FB9 /* Preview Assets.xcassets in Resources */ = {isa = PBXBuildFile; fileRef = 2B6EA6F72AF1F05800AD5FB9 /* Preview Assets.xcassets */; };
		2B6EA7022AF1F0B800AD5FB9 /* Tab.swift in Sources */ = {isa = PBXBuildFile; fileRef = 2B6EA7012AF1F0B800AD5FB9 /* Tab.swift */; };
		2B6EA7042AF1F1AB00AD5FB9 /* CustomTabView.swift in Sources */ = {isa = PBXBuildFile; fileRef = 2B6EA7032AF1F1AB00AD5FB9 /* CustomTabView.swift */; };
/* End PBXBuildFile section */

/* Begin PBXFileReference section */
		2B6EA6ED2AF1F05700AD5FB9 /* CustomTabBarMac.app */ = {isa = PBXFileReference; explicitFileType = wrapper.application; includeInIndex = 0; path = CustomTabBarMac.app; sourceTree = BUILT_PRODUCTS_DIR; };
		2B6EA6F02AF1F05700AD5FB9 /* CustomTabBarMacApp.swift */ = {isa = PBXFileReference; lastKnownFileType = sourcecode.swift; path = CustomTabBarMacApp.swift; sourceTree = "<group>"; };
		2B6EA6F22AF1F05700AD5FB9 /* ContentView.swift */ = {isa = PBXFileReference; lastKnownFileType = sourcecode.swift; path = ContentView.swift; sourceTree = "<group>"; };
		2B6EA6F42AF1F05800AD5FB9 /* Assets.xcassets */ = {isa = PBXFileReference; lastKnownFileType = folder.assetcatalog; path = Assets.xcassets; sourceTree = "<group>"; };
		2B6EA6F72AF1F05800AD5FB9 /* Preview Assets.xcassets */ = {isa = PBXFileReference; lastKnownFileType = folder.assetcatalog; path = "Preview Assets.xcassets"; sourceTree = "<group>"; };
		2B6EA6F92AF1F05800AD5FB9 /* CustomTabBarMac.entitlements */ = {isa = PBXFileReference; lastKnownFileType = text.plist.entitlements; path = CustomTabBarMac.entitlements; sourceTree = "<group>"; };
		2B6EA7012AF1F0B800AD5FB9 /* Tab.swift */ = {isa = PBXFileReference; lastKnownFileType = sourcecode.swift; path = Tab.swift; sourceTree = "<group>"; };
		2B6EA7032AF1F1AB00AD5FB9 /* CustomTabView.swift */ = {isa = PBXFileReference; lastKnownFileType = sourcecode.swift; path = CustomTabView.swift; sourceTree = "<group>"; };
/* End PBXFileReference section */

/* Begin PBXFrameworksBuildPhase section */
		2B6EA6EA2AF1F05700AD5FB9 /* Frameworks */ = {
			isa = PBXFrameworksBuildPhase;
			buildActionMask = 2147483647;
			files = (
			);
			runOnlyForDeploymentPostprocessing = 0;
		};
/* End PBXFrameworksBuildPhase section */

/* Begin PBXGroup section */
		2B6EA6E42AF1F05700AD5FB9 = {
			isa = PBXGroup;
			children = (
				2B6EA6EF2AF1F05700AD5FB9 /* CustomTabBarMac */,
				2B6EA6EE2AF1F05700AD5FB9 /* Products */,
			);
			sourceTree = "<group>";
		};
		2B6EA6EE2AF1F05700AD5FB9 /* Products */ = {
			isa = PBXGroup;
			children = (
				2B6EA6ED2AF1F05700AD5FB9 /* CustomTabBarMac.app */,
			);
			name = Products;
			sourceTree = "<group>";
		};
		2B6EA6EF2AF1F05700AD5FB9 /* CustomTabBarMac */ = {
			isa = PBXGroup;
			children = (
				2B6EA7002AF1F0AA00AD5FB9 /* Model */,
				2B6EA6FF2AF1F0A000AD5FB9 /* View */,
				2B6EA6F02AF1F05700AD5FB9 /* CustomTabBarMacApp.swift */,
				2B6EA6F22AF1F05700AD5FB9 /* ContentView.swift */,
				2B6EA6F42AF1F05800AD5FB9 /* Assets.xcassets */,
				2B6EA6F92AF1F05800AD5FB9 /* CustomTabBarMac.entitlements */,
				2B6EA6F62AF1F05800AD5FB9 /* Preview Content */,
			);
			path = CustomTabBarMac;
			sourceTree = "<group>";
		};
		2B6EA6F62AF1F05800AD5FB9 /* Preview Content */ = {
			isa = PBXGroup;
			children = (
				2B6EA6F72AF1F05800AD5FB9 /* Preview Assets.xcassets */,
			);
			path = "Preview Content";
			sourceTree = "<group>";
		};
		2B6EA6FF2AF1F0A000AD5FB9 /* View */ = {
			isa = PBXGroup;
			children = (
				2B6EA7032AF1F1AB00AD5FB9 /* CustomTabView.swift */,
			);
			path = View;
			sourceTree = "<group>";
		};
		2B6EA7002AF1F0AA00AD5FB9 /* Model */ = {
			isa = PBXGroup;
			children = (
				2B6EA7012AF1F0B800AD5FB9 /* Tab.swift */,
			);
			path = Model;
			sourceTree = "<group>";
		};
/* End PBXGroup section */

/* Begin PBXNativeTarget section */
		2B6EA6EC2AF1F05700AD5FB9 /* CustomTabBarMac */ = {
			isa = PBXNativeTarget;
			buildConfigurationList = 2B6EA6FC2AF1F05800AD5FB9 /* Build configuration list for PBXNativeTarget "CustomTabBarMac" */;
			buildPhases = (
				2B6EA6E92AF1F05700AD5FB9 /* Sources */,
				2B6EA6EA2AF1F05700AD5FB9 /* Frameworks */,
				2B6EA6EB2AF1F05700AD5FB9 /* Resources */,
			);
			buildRules = (
			);
			dependencies = (
			);
			name = CustomTabBarMac;
			productName = CustomTabBarMac;
			productReference = 2B6EA6ED2AF1F05700AD5FB9 /* CustomTabBarMac.app */;
			productType = "com.apple.product-type.application";
		};
/* End PBXNativeTarget section */

/* Begin PBXProject section */
		2B6EA6E52AF1F05700AD5FB9 /* Project object */ = {
			isa = PBXProject;
			attributes = {
				BuildIndependentTargetsInParallel = 1;
				LastSwiftUpdateCheck = 1500;
				LastUpgradeCheck = 1500;
				TargetAttributes = {
					2B6EA6EC2AF1F05700AD5FB9 = {
						CreatedOnToolsVersion = 15.0;
					};
				};
			};
			buildConfigurationList = 2B6EA6E82AF1F05700AD5FB9 /* Build configuration list for PBXProject "CustomTabBarMac" */;
			compatibilityVersion = "Xcode 14.0";
			developmentRegion = en;
			hasScannedForEncodings = 0;
			knownRegions = (
				en,
				Base,
			);
			mainGroup = 2B6EA6E42AF1F05700AD5FB9;
			productRefGroup = 2B6EA6EE2AF1F05700AD5FB9 /* Products */;
			projectDirPath = "";
			projectRoot = "";
			targets = (
				2B6EA6EC2AF1F05700AD5FB9 /* CustomTabBarMac */,
			);
		};
/* End PBXProject section */

/* Begin PBXResourcesBuildPhase section */
		2B6EA6EB2AF1F05700AD5FB9 /* Resources */ = {
			isa = PBXResourcesBuildPhase;
			buildActionMask = 2147483647;
			files = (
				2B6EA6F82AF1F05800AD5FB9 /* Preview Assets.xcassets in Resources */,
				2B6EA6F52AF1F05800AD5FB9 /* Assets.xcassets in Resources */,
			);
			runOnlyForDeploymentPostprocessing = 0;
		};
/* End PBXResourcesBuildPhase section */

/* Begin PBXSourcesBuildPhase section */
		2B6EA6E92AF1F05700AD5FB9 /* Sources */ = {
			isa = PBXSourcesBuildPhase;
			buildActionMask = 2147483647;
			files = (
				2B6EA7022AF1F0B800AD5FB9 /* Tab.swift in Sources */,
				2B6EA6F32AF1F05700AD5FB9 /* ContentView.swift in Sources */,
				2B6EA6F12AF1F05700AD5FB9 /* CustomTabBarMacApp.swift in Sources */,
				2B6EA7042AF1F1AB00AD5FB9 /* CustomTabView.swift in Sources */,
			);
			runOnlyForDeploymentPostprocessing = 0;
		};
/* End PBXSourcesBuildPhase section */

/* Begin XCBuildConfiguration section */
		2B6EA6FA2AF1F05800AD5FB9 /* Debug */ = {
			isa = XCBuildConfiguration;
			buildSettings = {
				ALWAYS_SEARCH_USER_PATHS = NO;
				ASSETCATALOG_COMPILER_GENERATE_SWIFT_ASSET_SYMBOL_EXTENSIONS = YES;
				CLANG_ANALYZER_NONNULL = YES;
				CLANG_ANALYZER_NUMBER_OBJECT_CONVERSION = YES_AGGRESSIVE;
				CLANG_CXX_LANGUAGE_STANDARD = "gnu++20";
				CLANG_ENABLE_MODULES = YES;
				CLANG_ENABLE_OBJC_ARC = YES;
				CLANG_ENABLE_OBJC_WEAK = YES;
				CLANG_WARN_BLOCK_CAPTURE_AUTORELEASING = YES;
				CLANG_WARN_BOOL_CONVERSION = YES;
				CLANG_WARN_COMMA = YES;
				CLANG_WARN_CONSTANT_CONVERSION = YES;
				CLANG_WARN_DEPRECATED_OBJC_IMPLEMENTATIONS = YES;
				CLANG_WARN_DIRECT_OBJC_ISA_USAGE = YES_ERROR;
				CLANG_WARN_DOCUMENTATION_COMMENTS = YES;
				CLANG_WARN_EMPTY_BODY = YES;
				CLANG_WARN_ENUM_CONVERSION = YES;
				CLANG_WARN_INFINITE_RECURSION = YES;
				CLANG_WARN_INT_CONVERSION = YES;
				CLANG_WARN_NON_LITERAL_NULL_CONVERSION = YES;
				CLANG_WARN_OBJC_IMPLICIT_RETAIN_SELF = YES;
				CLANG_WARN_OBJC_LITERAL_CONVERSION = YES;
				CLANG_WARN_OBJC_ROOT_CLASS = YES_ERROR;
				CLANG_WARN_QUOTED_INCLUDE_IN_FRAMEWORK_HEADER = YES;
				CLANG_WARN_RANGE_LOOP_ANALYSIS = YES;
				CLANG_WARN_STRICT_PROTOTYPES = YES;
				CLANG_WARN_SUSPICIOUS_MOVE = YES;
				CLANG_WARN_UNGUARDED_AVAILABILITY = YES_AGGRESSIVE;
				CLANG_WARN_UNREACHABLE_CODE = YES;
				CLANG_WARN__DUPLICATE_METHOD_MATCH = YES;
				COPY_PHASE_STRIP = NO;
				DEBUG_INFORMATION_FORMAT = dwarf;
				ENABLE_STRICT_OBJC_MSGSEND = YES;
				ENABLE_TESTABILITY = YES;
				ENABLE_USER_SCRIPT_SANDBOXING = YES;
				GCC_C_LANGUAGE_STANDARD = gnu17;
				GCC_DYNAMIC_NO_PIC = NO;
				GCC_NO_COMMON_BLOCKS = YES;
				GCC_OPTIMIZATION_LEVEL = 0;
				GCC_PREPROCESSOR_DEFINITIONS = (
					"DEBUG=1",
					"$(inherited)",
				);
				GCC_WARN_64_TO_32_BIT_CONVERSION = YES;
				GCC_WARN_ABOUT_RETURN_TYPE = YES_ERROR;
				GCC_WARN_UNDECLARED_SELECTOR = YES;
				GCC_WARN_UNINITIALIZED_AUTOS = YES_AGGRESSIVE;
				GCC_WARN_UNUSED_FUNCTION = YES;
				GCC_WARN_UNUSED_VARIABLE = YES;
				LOCALIZATION_PREFERS_STRING_CATALOGS = YES;
				MACOSX_DEPLOYMENT_TARGET = 13.0;
				MTL_ENABLE_DEBUG_INFO = INCLUDE_SOURCE;
				MTL_FAST_MATH = YES;
				ONLY_ACTIVE_ARCH = YES;
				SDKROOT = macosx;
				SWIFT_ACTIVE_COMPILATION_CONDITIONS = "DEBUG $(inherited)";
				SWIFT_OPTIMIZATION_LEVEL = "-Onone";
			};
			name = Debug;
		};
		2B6EA6FB2AF1F05800AD5FB9 /* Release */ = {
			isa = XCBuildConfiguration;
			buildSettings = {
				ALWAYS_SEARCH_USER_PATHS = NO;
				ASSETCATALOG_COMPILER_GENERATE_SWIFT_ASSET_SYMBOL_EXTENSIONS = YES;
				CLANG_ANALYZER_NONNULL = YES;
				CLANG_ANALYZER_NUMBER_OBJECT_CONVERSION = YES_AGGRESSIVE;
				CLANG_CXX_LANGUAGE_STANDARD = "gnu++20";
				CLANG_ENABLE_MODULES = YES;
				CLANG_ENABLE_OBJC_ARC = YES;
				CLANG_ENABLE_OBJC_WEAK = YES;
				CLANG_WARN_BLOCK_CAPTURE_AUTORELEASING = YES;
				CLANG_WARN_BOOL_CONVERSION = YES;
				CLANG_WARN_COMMA = YES;
				CLANG_WARN_CONSTANT_CONVERSION = YES;
				CLANG_WARN_DEPRECATED_OBJC_IMPLEMENTATIONS = YES;
				CLANG_WARN_DIRECT_OBJC_ISA_USAGE = YES_ERROR;
				CLANG_WARN_DOCUMENTATION_COMMENTS = YES;
				CLANG_WARN_EMPTY_BODY = YES;
				CLANG_WARN_ENUM_CONVERSION = YES;
				CLANG_WARN_INFINITE_RECURSION = YES;
				CLANG_WARN_INT_CONVERSION = YES;
				CLANG_WARN_NON_LITERAL_NULL_CONVERSION = YES;
				CLANG_WARN_OBJC_IMPLICIT_RETAIN_SELF = YES;
				CLANG_WARN_OBJC_LITERAL_CONVERSION = YES;
				CLANG_WARN_OBJC_ROOT_CLASS = YES_ERROR;
				CLANG_WARN_QUOTED_INCLUDE_IN_FRAMEWORK_HEADER = YES;
				CLANG_WARN_RANGE_LOOP_ANALYSIS = YES;
				CLANG_WARN_STRICT_PROTOTYPES = YES;
				CLANG_WARN_SUSPICIOUS_MOVE = YES;
				CLANG_WARN_UNGUARDED_AVAILABILITY = YES_AGGRESSIVE;
				CLANG_WARN_UNREACHABLE_CODE = YES;
				CLANG_WARN__DUPLICATE_METHOD_MATCH = YES;
				COPY_PHASE_STRIP = NO;
				DEBUG_INFORMATION_FORMAT = "dwarf-with-dsym";
				ENABLE_NS_ASSERTIONS = NO;
				ENABLE_STRICT_OBJC_MSGSEND = YES;
				ENABLE_USER_SCRIPT_SANDBOXING = YES;
				GCC_C_LANGUAGE_STANDARD = gnu17;
				GCC_NO_COMMON_BLOCKS = YES;
				GCC_WARN_64_TO_32_BIT_CONVERSION = YES;
				GCC_WARN_ABOUT_RETURN_TYPE = YES_ERROR;
				GCC_WARN_UNDECLARED_SELECTOR = YES;
				GCC_WARN_UNINITIALIZED_AUTOS = YES_AGGRESSIVE;
				GCC_WARN_UNUSED_FUNCTION = YES;
				GCC_WARN_UNUSED_VARIABLE = YES;
				LOCALIZATION_PREFERS_STRING_CATALOGS = YES;
				MACOSX_DEPLOYMENT_TARGET = 13.0;
				MTL_ENABLE_DEBUG_INFO = NO;
				MTL_FAST_MATH = YES;
				SDKROOT = macosx;
				SWIFT_COMPILATION_MODE = wholemodule;
			};
			name = Release;
		};
		2B6EA6FD2AF1F05800AD5FB9 /* Debug */ = {
			isa = XCBuildConfiguration;
			buildSettings = {
				ASSETCATALOG_COMPILER_APPICON_NAME = AppIcon;
				ASSETCATALOG_COMPILER_GLOBAL_ACCENT_COLOR_NAME = AccentColor;
				CODE_SIGN_ENTITLEMENTS = CustomTabBarMac/CustomTabBarMac.entitlements;
				CODE_SIGN_STYLE = Automatic;
				COMBINE_HIDPI_IMAGES = YES;
				CURRENT_PROJECT_VERSION = 1;
				DEVELOPMENT_ASSET_PATHS = "\"CustomTabBarMac/Preview Content\"";
				DEVELOPMENT_TEAM = 73VA8W4WNH;
				ENABLE_HARDENED_RUNTIME = YES;
				ENABLE_PREVIEWS = YES;
				GENERATE_INFOPLIST_FILE = YES;
				INFOPLIST_KEY_NSHumanReadableCopyright = "";
				LD_RUNPATH_SEARCH_PATHS = (
					"$(inherited)",
					"@executable_path/../Frameworks",
				);
				MACOSX_DEPLOYMENT_TARGET = 13.0;
				MARKETING_VERSION = 1.0;
				PRODUCT_BUNDLE_IDENTIFIER = com.xuebusi.CustomTabBarMac;
				PRODUCT_NAME = "$(TARGET_NAME)";
				SWIFT_EMIT_LOC_STRINGS = YES;
				SWIFT_VERSION = 5.0;
			};
			name = Debug;
		};
		2B6EA6FE2AF1F05800AD5FB9 /* Release */ = {
			isa = XCBuildConfiguration;
			buildSettings = {
				ASSETCATALOG_COMPILER_APPICON_NAME = AppIcon;
				ASSETCATALOG_COMPILER_GLOBAL_ACCENT_COLOR_NAME = AccentColor;
				CODE_SIGN_ENTITLEMENTS = CustomTabBarMac/CustomTabBarMac.entitlements;
				CODE_SIGN_STYLE = Automatic;
				COMBINE_HIDPI_IMAGES = YES;
				CURRENT_PROJECT_VERSION = 1;
				DEVELOPMENT_ASSET_PATHS = "\"CustomTabBarMac/Preview Content\"";
				DEVELOPMENT_TEAM = 73VA8W4WNH;
				ENABLE_HARDENED_RUNTIME = YES;
				ENABLE_PREVIEWS = YES;
				GENERATE_INFOPLIST_FILE = YES;
				INFOPLIST_KEY_NSHumanReadableCopyright = "";
				LD_RUNPATH_SEARCH_PATHS = (
					"$(inherited)",
					"@executable_path/../Frameworks",
				);
				MACOSX_DEPLOYMENT_TARGET = 13.0;
				MARKETING_VERSION = 1.0;
				PRODUCT_BUNDLE_IDENTIFIER = com.xuebusi.CustomTabBarMac;
				PRODUCT_NAME = "$(TARGET_NAME)";
				SWIFT_EMIT_LOC_STRINGS = YES;
				SWIFT_VERSION = 5.0;
			};
			name = Release;
		};
/* End XCBuildConfiguration section */

/* Begin XCConfigurationList section */
		2B6EA6E82AF1F05700AD5FB9 /* Build configuration list for PBXProject "CustomTabBarMac" */ = {
			isa = XCConfigurationList;
			buildConfigurations = (
				2B6EA6FA2AF1F05800AD5FB9 /* Debug */,
				2B6EA6FB2AF1F05800AD5FB9 /* Release */,
			);
			defaultConfigurationIsVisible = 0;
			defaultConfigurationName = Release;
		};
		2B6EA6FC2AF1F05800AD5FB9 /* Build configuration list for PBXNativeTarget "CustomTabBarMac" */ = {
			isa = XCConfigurationList;
			buildConfigurations = (
				2B6EA6FD2AF1F05800AD5FB9 /* Debug */,
				2B6EA6FE2AF1F05800AD5FB9 /* Release */,
			);
			defaultConfigurationIsVisible = 0;
			defaultConfigurationName = Release;
		};
/* End XCConfigurationList section */
	};
	rootObject = 2B6EA6E52AF1F05700AD5FB9 /* Project object */;
}
